%{"blacksmith": {:git, "git://github.com/batate/blacksmith.git", "526b34d701765b6bb436cb8c6e65c7014d9ee8d9", []},
  "comeonin": {:hex, :comeonin, "1.0.3"},
  "cowboy": {:hex, :cowboy, "1.0.0"},
  "cowlib": {:hex, :cowlib, "1.0.1"},
  "decimal": {:hex, :decimal, "1.1.0"},
  "earmark": {:hex, :earmark, "0.1.17"},
  "ecto": {:hex, :ecto, "0.12.0"},
  "ex_doc": {:hex, :ex_doc, "0.7.3"},
  "faker": {:hex, :faker, "0.5.1"},
  "joken": {:hex, :joken, "0.13.1"},
  "mailgun": {:hex, :mailgun, "0.1.1"},
  "meck": {:hex, :meck, "0.8.2"},
  "mock": {:hex, :mock, "0.1.1"},
  "phoenix": {:hex, :phoenix, "0.13.1"},
  "plug": {:hex, :plug, "0.13.0"},
  "poison": {:hex, :poison, "1.4.0"},
  "poolboy": {:hex, :poolboy, "1.5.1"},
  "postgrex": {:hex, :postgrex, "0.8.4"},
  "ranch": {:hex, :ranch, "1.0.0"},
  "secure_random": {:hex, :secure_random, "0.1.1"},
  "timex": {:hex, :timex, "0.14.3"},
  "tzdata": {:hex, :tzdata, "0.1.6"}}
